<?xml version="1.0" encoding="UTF-8" standalone="yes" ?>
<CodeBlocks_project_file>
	<FileVersion major="1" minor="6" />
	<Project>
		<Option title="stringchunk" />
		<Option pch_mode="2" />
		<Option compiler="gcc" />
		<Build>
			<Target title="Debug">
				<Option output="bin/Debug/stringchunk" prefix_auto="1" extension_auto="1" />
				<Option object_output="obj/Debug/" />
				<Option type="1" />
				<Option compiler="gcc" />
				<Compiler>
					<Add option="-g" />
				</Compiler>
			</Target>
			<Target title="Release">
				<Option output="bin/Release/stringchunk" prefix_auto="1" extension_auto="1" />
				<Option object_output="obj/Release/" />
				<Option type="1" />
				<Option compiler="gcc" />
				<Compiler>
					<Add option="-O2" />
				</Compiler>
				<Linker>
					<Add option="-s" />
				</Linker>
			</Target>
		</Build>
		<Compiler>
			<Add option="-Wall" />
		</Compiler>
		<Unit filename="../../array.c">
			<Option compilerVar="CC" />
		</Unit>
		<Unit filename="../../array.h" />
		<Unit filename="../../common.h" />
		<Unit filename="../../simpleht.c">
			<Option compilerVar="CC" />
		</Unit>
		<Unit filename="../../simpleht.h" />
		<Unit filename="../../stablebuffer.c">
			<Option compilerVar="CC" />
		</Unit>
		<Unit filename="../../stablebuffer.h" />
		<Unit filename="../../stringchunk.c">
			<Option compilerVar="CC" />
		</Unit>
		<Unit filename="../../stringchunk.h" />
		<Unit filename="../../stringlist.c">
			<Option compilerVar="CC" />
		</Unit>
		<Unit filename="../../stringlist.h" />
		<Unit filename="../../utils.c">
			<Option compilerVar="CC" />
		</Unit>
		<Unit filename="../../utils.h" />
		<Unit filename="../testutils.c">
			<Option compilerVar="CC" />
		</Unit>
		<Unit filename="../testutils.h" />
		<Unit filename="main.c">
			<Option compilerVar="CC" />
		</Unit>
		<Extensions>
			<envvars />
			<code_completion />
			<debugger />
			<lib_finder disable_auto="1" />
		</Extensions>
	</Project>
</CodeBlocks_project_file>
